{
  "name": "asymmetric-io-mutex",
  "version": "0.1.0",
  "lockfileVersion": 2,
  "requires": true,
  "packages": {
    "": {
      "name": "asymmetric-io-mutex",
      "version": "0.1.0",
      "license": "MIT",
      "dependencies": {
        "@stdlib/constants-float32": "^0.0.6",
        "scoped-ts-log": "^0.1.0"
      },
      "devDependencies": {
        "typescript": "^4.8.3"
      }
    },
    "node_modules/@stdlib/array-float32": {
      "version": "0.0.6",
      "resolved": "https://registry.npmjs.org/@stdlib/array-float32/-/array-float32-0.0.6.tgz",
      "integrity": "sha512-QgKT5UaE92Rv7cxfn7wBKZAlwFFHPla8eXsMFsTGt5BiL4yUy36lwinPUh4hzybZ11rw1vifS3VAPuk6JP413Q==",
      "os": [
        "aix",
        "darwin",
        "freebsd",
        "linux",
        "macos",
        "openbsd",
        "sunos",
        "win32",
        "windows"
      ],
      "dependencies": {
        "@stdlib/assert-has-float32array-support": "^0.0.x"
      },
      "engines": {
        "node": ">=0.10.0",
        "npm": ">2.7.0"
      },
      "funding": {
        "type": "patreon",
        "url": "https://www.patreon.com/athan"
      }
    },
    "node_modules/@stdlib/array-uint32": {
      "version": "0.0.6",
      "resolved": "https://registry.npmjs.org/@stdlib/array-uint32/-/array-uint32-0.0.6.tgz",
      "integrity": "sha512-2hFPK1Fg7obYPZWlGDjW9keiIB6lXaM9dKmJubg/ergLQCsJQJZpYsG6mMAfTJi4NT1UF4jTmgvyKD+yf0D9cA==",
      "os": [
        "aix",
        "darwin",
        "freebsd",
        "linux",
        "macos",
        "openbsd",
        "sunos",
        "win32",
        "windows"
      ],
      "dependencies": {
        "@stdlib/assert-has-uint32array-support": "^0.0.x"
      },
      "engines": {
        "node": ">=0.10.0",
        "npm": ">2.7.0"
      },
      "funding": {
        "type": "patreon",
        "url": "https://www.patreon.com/athan"
      }
    },
    "node_modules/@stdlib/assert-has-float32array-support": {
      "version": "0.0.8",
      "resolved": "https://registry.npmjs.org/@stdlib/assert-has-float32array-support/-/assert-has-float32array-support-0.0.8.tgz",
      "integrity": "sha512-Yrg7K6rBqwCzDWZ5bN0VWLS5dNUWcoSfUeU49vTERdUmZID06J069CDc07UUl8vfQWhFgBWGocH3rrpKm1hi9w==",
      "os": [
        "aix",
        "darwin",
        "freebsd",
        "linux",
        "macos",
        "openbsd",
        "sunos",
        "win32",
        "windows"
      ],
      "dependencies": {
        "@stdlib/assert-is-float32array": "^0.0.x",
        "@stdlib/cli-ctor": "^0.0.x",
        "@stdlib/constants-float64-pinf": "^0.0.x",
        "@stdlib/fs-read-file": "^0.0.x"
      },
      "bin": {
        "has-float32array-support": "bin/cli"
      },
      "engines": {
        "node": ">=0.10.0",
        "npm": ">2.7.0"
      },
      "funding": {
        "type": "patreon",
        "url": "https://www.patreon.com/athan"
      }
    },
    "node_modules/@stdlib/assert-has-own-property": {
      "version": "0.0.7",
      "resolved": "https://registry.npmjs.org/@stdlib/assert-has-own-property/-/assert-has-own-property-0.0.7.tgz",
      "integrity": "sha512-3YHwSWiUqGlTLSwxAWxrqaD1PkgcJniGyotJeIt5X0tSNmSW0/c9RWroCImTUUB3zBkyBJ79MyU9Nf4Qgm59fQ==",
      "os": [
        "aix",
        "darwin",
        "freebsd",
        "linux",
        "macos",
        "openbsd",
        "sunos",
        "win32",
        "windows"
      ],
      "engines": {
        "node": ">=0.10.0",
        "npm": ">2.7.0"
      },
      "funding": {
        "type": "patreon",
        "url": "https://www.patreon.com/athan"
      }
    },
    "node_modules/@stdlib/assert-has-symbol-support": {
      "version": "0.0.8",
      "resolved": "https://registry.npmjs.org/@stdlib/assert-has-symbol-support/-/assert-has-symbol-support-0.0.8.tgz",
      "integrity": "sha512-PoQ9rk8DgDCuBEkOIzGGQmSnjtcdagnUIviaP5YskB45/TJHXseh4NASWME8FV77WFW9v/Wt1MzKFKMzpDFu4Q==",
      "os": [
        "aix",
        "darwin",
        "freebsd",
        "linux",
        "macos",
        "openbsd",
        "sunos",
        "win32",
        "windows"
      ],
      "dependencies": {
        "@stdlib/cli-ctor": "^0.0.x",
        "@stdlib/fs-read-file": "^0.0.x"
      },
      "bin": {
        "has-symbol-support": "bin/cli"
      },
      "engines": {
        "node": ">=0.10.0",
        "npm": ">2.7.0"
      },
      "funding": {
        "type": "patreon",
        "url": "https://www.patreon.com/athan"
      }
    },
    "node_modules/@stdlib/assert-has-tostringtag-support": {
      "version": "0.0.9",
      "resolved": "https://registry.npmjs.org/@stdlib/assert-has-tostringtag-support/-/assert-has-tostringtag-support-0.0.9.tgz",
      "integrity": "sha512-UTsqdkrnQ7eufuH5BeyWOJL3ska3u5nvDWKqw3onNNZ2mvdgkfoFD7wHutVGzAA2rkTsSJAMBHVwWLsm5SbKgw==",
      "os": [
        "aix",
        "darwin",
        "freebsd",
        "linux",
        "macos",
        "openbsd",
        "sunos",
        "win32",
        "windows"
      ],
      "dependencies": {
        "@stdlib/assert-has-symbol-support": "^0.0.x",
        "@stdlib/cli-ctor": "^0.0.x",
        "@stdlib/fs-read-file": "^0.0.x"
      },
      "bin": {
        "has-tostringtag-support": "bin/cli"
      },
      "engines": {
        "node": ">=0.10.0",
        "npm": ">2.7.0"
      },
      "funding": {
        "type": "patreon",
        "url": "https://www.patreon.com/athan"
      }
    },
    "node_modules/@stdlib/assert-has-uint32array-support": {
      "version": "0.0.8",
      "resolved": "https://registry.npmjs.org/@stdlib/assert-has-uint32array-support/-/assert-has-uint32array-support-0.0.8.tgz",
      "integrity": "sha512-tJtKuiFKwFSQQUfRXEReOVGXtfdo6+xlshSfwwNWXL1WPP2LrceoiUoQk7zMCMT6VdbXgGH92LDjVcPmSbH4Xw==",
      "os": [
        "aix",
        "darwin",
        "freebsd",
        "linux",
        "macos",
        "openbsd",
        "sunos",
        "win32",
        "windows"
      ],
      "dependencies": {
        "@stdlib/assert-is-uint32array": "^0.0.x",
        "@stdlib/cli-ctor": "^0.0.x",
        "@stdlib/constants-uint32-max": "^0.0.x",
        "@stdlib/fs-read-file": "^0.0.x"
      },
      "bin": {
        "has-uint32array-support": "bin/cli"
      },
      "engines": {
        "node": ">=0.10.0",
        "npm": ">2.7.0"
      },
      "funding": {
        "type": "patreon",
        "url": "https://www.patreon.com/athan"
      }
    },
    "node_modules/@stdlib/assert-is-float32array": {
      "version": "0.0.8",
      "resolved": "https://registry.npmjs.org/@stdlib/assert-is-float32array/-/assert-is-float32array-0.0.8.tgz",
      "integrity": "sha512-Phk0Ze7Vj2/WLv5Wy8Oo7poZIDMSTiTrEnc1t4lBn3Svz2vfBXlvCufi/i5d93vc4IgpkdrOEwfry6nldABjNQ==",
      "os": [
        "aix",
        "darwin",
        "freebsd",
        "linux",
        "macos",
        "openbsd",
        "sunos",
        "win32",
        "windows"
      ],
      "dependencies": {
        "@stdlib/utils-native-class": "^0.0.x"
      },
      "engines": {
        "node": ">=0.10.0",
        "npm": ">2.7.0"
      },
      "funding": {
        "type": "patreon",
        "url": "https://www.patreon.com/athan"
      }
    },
    "node_modules/@stdlib/assert-is-uint32array": {
      "version": "0.0.8",
      "resolved": "https://registry.npmjs.org/@stdlib/assert-is-uint32array/-/assert-is-uint32array-0.0.8.tgz",
      "integrity": "sha512-cnZi2DicYcplMnkJ3dBxBVKsRNFjzoGpmG9A6jXq4KH5rFl52SezGAXSVY9o5ZV7bQGaF5JLyCLp6n9Y74hFGg==",
      "os": [
        "aix",
        "darwin",
        "freebsd",
        "linux",
        "macos",
        "openbsd",
        "sunos",
        "win32",
        "windows"
      ],
      "dependencies": {
        "@stdlib/utils-native-class": "^0.0.x"
      },
      "engines": {
        "node": ">=0.10.0",
        "npm": ">2.7.0"
      },
      "funding": {
        "type": "patreon",
        "url": "https://www.patreon.com/athan"
      }
    },
    "node_modules/@stdlib/cli-ctor": {
      "version": "0.0.3",
      "resolved": "https://registry.npmjs.org/@stdlib/cli-ctor/-/cli-ctor-0.0.3.tgz",
      "integrity": "sha512-0zCuZnzFyxj66GoF8AyIOhTX5/mgGczFvr6T9h4mXwegMZp8jBC/ZkOGMwmp+ODLBTvlcnnDNpNFkDDyR6/c2g==",
      "os": [
        "aix",
        "darwin",
        "freebsd",
        "linux",
        "macos",
        "openbsd",
        "sunos",
        "win32",
        "windows"
      ],
      "dependencies": {
        "@stdlib/utils-define-nonenumerable-read-only-property": "^0.0.x",
        "@stdlib/utils-noop": "^0.0.x",
        "minimist": "^1.2.0"
      },
      "engines": {
        "node": ">=0.10.0",
        "npm": ">2.7.0"
      },
      "funding": {
        "type": "patreon",
        "url": "https://www.patreon.com/athan"
      }
    },
    "node_modules/@stdlib/constants-float32": {
      "version": "0.0.6",
      "resolved": "https://registry.npmjs.org/@stdlib/constants-float32/-/constants-float32-0.0.6.tgz",
      "integrity": "sha512-mK1BbkL6n1WuEEvHQR2P/zJe/xYYTLWM8Y+Rl+cvt9/h2SWuqi1ebPMBIBiMqrQy9ilyXPCTkppuFTuzZ1ItOA==",
      "os": [
        "aix",
        "darwin",
        "freebsd",
        "linux",
        "macos",
        "openbsd",
        "sunos",
        "win32",
        "windows"
      ],
      "dependencies": {
        "@stdlib/constants-float32-cbrt-eps": "^0.0.x",
        "@stdlib/constants-float32-eps": "^0.0.x",
        "@stdlib/constants-float32-exponent-bias": "^0.0.x",
        "@stdlib/constants-float32-max": "^0.0.x",
        "@stdlib/constants-float32-max-safe-integer": "^0.0.x",
        "@stdlib/constants-float32-min-safe-integer": "^0.0.x",
        "@stdlib/constants-float32-ninf": "^0.0.x",
        "@stdlib/constants-float32-num-bytes": "^0.0.x",
        "@stdlib/constants-float32-pinf": "^0.0.x",
        "@stdlib/constants-float32-precision": "^0.0.x",
        "@stdlib/constants-float32-smallest-normal": "^0.0.x",
        "@stdlib/constants-float32-smallest-subnormal": "^0.0.x",
        "@stdlib/constants-float32-sqrt-eps": "^0.0.x",
        "@stdlib/utils-define-read-only-property": "^0.0.x"
      },
      "engines": {
        "node": ">=0.10.0",
        "npm": ">2.7.0"
      },
      "funding": {
        "type": "patreon",
        "url": "https://www.patreon.com/athan"
      }
    },
    "node_modules/@stdlib/constants-float32-cbrt-eps": {
      "version": "0.0.6",
      "resolved": "https://registry.npmjs.org/@stdlib/constants-float32-cbrt-eps/-/constants-float32-cbrt-eps-0.0.6.tgz",
      "integrity": "sha512-EIvpQrPmNlV73rq2IKaYRPjuexJOGKLtYv7Ge0uA2JPETmlhQ8NSz64MSVo93AN8GwyJEnPOQDDtrnCq+SGNSw==",
      "os": [
        "aix",
        "darwin",
        "freebsd",
        "linux",
        "macos",
        "openbsd",
        "sunos",
        "win32",
        "windows"
      ],
      "dependencies": {
        "@stdlib/number-float64-base-to-float32": "^0.0.x"
      },
      "engines": {
        "node": ">=0.10.0",
        "npm": ">2.7.0"
      },
      "funding": {
        "type": "patreon",
        "url": "https://www.patreon.com/athan"
      }
    },
    "node_modules/@stdlib/constants-float32-eps": {
      "version": "0.0.6",
      "resolved": "https://registry.npmjs.org/@stdlib/constants-float32-eps/-/constants-float32-eps-0.0.6.tgz",
      "integrity": "sha512-noy5YrwiR2BPxABBaZtVihd5OgWt/bzcFTQwmEwE4mqsmYoaLy3JScxzp0iNq6DwA6p5Qu4dMiyxbq0JoVs83g==",
      "os": [
        "aix",
        "darwin",
        "freebsd",
        "linux",
        "macos",
        "openbsd",
        "sunos",
        "win32",
        "windows"
      ],
      "dependencies": {
        "@stdlib/number-float64-base-to-float32": "^0.0.x"
      },
      "engines": {
        "node": ">=0.10.0",
        "npm": ">2.7.0"
      },
      "funding": {
        "type": "patreon",
        "url": "https://www.patreon.com/athan"
      }
    },
    "node_modules/@stdlib/constants-float32-exponent-bias": {
      "version": "0.0.7",
      "resolved": "https://registry.npmjs.org/@stdlib/constants-float32-exponent-bias/-/constants-float32-exponent-bias-0.0.7.tgz",
      "integrity": "sha512-xJKTfVOn/zhdiDu4jbCLtZyiYzLhut+eEStN3wr7TgzBd6i6nhvQTbOxQBc0qz8/yFt4fnj1WMBVLyAvch/Yig==",
      "os": [
        "aix",
        "darwin",
        "freebsd",
        "linux",
        "macos",
        "openbsd",
        "sunos",
        "win32",
        "windows"
      ],
      "engines": {
        "node": ">=0.10.0",
        "npm": ">2.7.0"
      },
      "funding": {
        "type": "patreon",
        "url": "https://www.patreon.com/athan"
      }
    },
    "node_modules/@stdlib/constants-float32-max": {
      "version": "0.0.7",
      "resolved": "https://registry.npmjs.org/@stdlib/constants-float32-max/-/constants-float32-max-0.0.7.tgz",
      "integrity": "sha512-CitY5nCLjXP6SZjvDd6m8C1Fj+OvmxtxSQezH4uQ+4cxto/Gkfw1YIqPt/i1ktsSrv8iUxvbivEjAukXUr7QNA==",
      "os": [
        "aix",
        "darwin",
        "freebsd",
        "linux",
        "macos",
        "openbsd",
        "sunos",
        "win32",
        "windows"
      ],
      "engines": {
        "node": ">=0.10.0",
        "npm": ">2.7.0"
      },
      "funding": {
        "type": "patreon",
        "url": "https://www.patreon.com/athan"
      }
    },
    "node_modules/@stdlib/constants-float32-max-safe-integer": {
      "version": "0.0.7",
      "resolved": "https://registry.npmjs.org/@stdlib/constants-float32-max-safe-integer/-/constants-float32-max-safe-integer-0.0.7.tgz",
      "integrity": "sha512-H6u95pucAnhfnvIxNtpQth3CmG4V+ZjU3k2SSev7ZiEJ9c7w3jbqDiU19vJtkeJnltvRmEkD2pRRrInm2tfU6Q==",
      "os": [
        "aix",
        "darwin",
        "freebsd",
        "linux",
        "macos",
        "openbsd",
        "sunos",
        "win32",
        "windows"
      ],
      "engines": {
        "node": ">=0.10.0",
        "npm": ">2.7.0"
      },
      "funding": {
        "type": "patreon",
        "url": "https://www.patreon.com/athan"
      }
    },
    "node_modules/@stdlib/constants-float32-min-safe-integer": {
      "version": "0.0.7",
      "resolved": "https://registry.npmjs.org/@stdlib/constants-float32-min-safe-integer/-/constants-float32-min-safe-integer-0.0.7.tgz",
      "integrity": "sha512-N6+/0dAaa2Yy45De52i/DLL+cg+TzbaAM84fnUfKgQSs4Vzz+/e3J6kjiRb54GgRte3dtxLC3ldUNPo7lgzXrA==",
      "os": [
        "aix",
        "darwin",
        "freebsd",
        "linux",
        "macos",
        "openbsd",
        "sunos",
        "win32",
        "windows"
      ],
      "engines": {
        "node": ">=0.10.0",
        "npm": ">2.7.0"
      },
      "funding": {
        "type": "patreon",
        "url": "https://www.patreon.com/athan"
      }
    },
    "node_modules/@stdlib/constants-float32-ninf": {
      "version": "0.0.6",
      "resolved": "https://registry.npmjs.org/@stdlib/constants-float32-ninf/-/constants-float32-ninf-0.0.6.tgz",
      "integrity": "sha512-MlSH+LVfR8eob+w2AdADpJ1F0Y6Y44lR1OaB5KurUyi3VdXIb15ioHeQhpAx78/zvrbNJi3QDmgAYZgv0hw3Cg==",
      "os": [
        "aix",
        "darwin",
        "freebsd",
        "linux",
        "macos",
        "openbsd",
        "sunos",
        "win32",
        "windows"
      ],
      "dependencies": {
        "@stdlib/array-float32": "^0.0.x",
        "@stdlib/array-uint32": "^0.0.x"
      },
      "engines": {
        "node": ">=0.10.0",
        "npm": ">2.7.0"
      },
      "funding": {
        "type": "patreon",
        "url": "https://www.patreon.com/athan"
      }
    },
    "node_modules/@stdlib/constants-float32-num-bytes": {
      "version": "0.0.7",
      "resolved": "https://registry.npmjs.org/@stdlib/constants-float32-num-bytes/-/constants-float32-num-bytes-0.0.7.tgz",
      "integrity": "sha512-bQvzJwwGeJWidPCa5RZ13N4l3G5JHtFb6K7cYMdJl+EMcT7MxDsFwQWEfwtnCKpD3UDit6A3MYp8aAuBS6CkgA==",
      "os": [
        "aix",
        "darwin",
        "freebsd",
        "linux",
        "macos",
        "openbsd",
        "sunos",
        "win32",
        "windows"
      ],
      "engines": {
        "node": ">=0.10.0",
        "npm": ">2.7.0"
      },
      "funding": {
        "type": "patreon",
        "url": "https://www.patreon.com/athan"
      }
    },
    "node_modules/@stdlib/constants-float32-pinf": {
      "version": "0.0.6",
      "resolved": "https://registry.npmjs.org/@stdlib/constants-float32-pinf/-/constants-float32-pinf-0.0.6.tgz",
      "integrity": "sha512-zvwDjvYQA6Jj0HwFjp+Na2s02d2ZChqA2pwgLUOaEKQxCcsm4G7SsIzA9RZBRvqkQTjq/PG3uDV1sIZ1NdA6Qw==",
      "os": [
        "aix",
        "darwin",
        "freebsd",
        "linux",
        "macos",
        "openbsd",
        "sunos",
        "win32",
        "windows"
      ],
      "dependencies": {
        "@stdlib/array-float32": "^0.0.x",
        "@stdlib/array-uint32": "^0.0.x"
      },
      "engines": {
        "node": ">=0.10.0",
        "npm": ">2.7.0"
      },
      "funding": {
        "type": "patreon",
        "url": "https://www.patreon.com/athan"
      }
    },
    "node_modules/@stdlib/constants-float32-precision": {
      "version": "0.0.7",
      "resolved": "https://registry.npmjs.org/@stdlib/constants-float32-precision/-/constants-float32-precision-0.0.7.tgz",
      "integrity": "sha512-PVMkeFe9T8XjcJWTo69q6/Q/+4BhmG6VMYQKiDHkhubWjeZkU1sjcpm2SXnJp8s/DvcZTSElgPCyg3a+xi89Iw==",
      "os": [
        "aix",
        "darwin",
        "freebsd",
        "linux",
        "macos",
        "openbsd",
        "sunos",
        "win32",
        "windows"
      ],
      "engines": {
        "node": ">=0.10.0",
        "npm": ">2.7.0"
      },
      "funding": {
        "type": "patreon",
        "url": "https://www.patreon.com/athan"
      }
    },
    "node_modules/@stdlib/constants-float32-smallest-normal": {
      "version": "0.0.7",
      "resolved": "https://registry.npmjs.org/@stdlib/constants-float32-smallest-normal/-/constants-float32-smallest-normal-0.0.7.tgz",
      "integrity": "sha512-vzRJ/Q3z9A2DJRQHCStLyGCgvnCa9+e2HLxTl6sJOMcY/v+JhR+mwb6XSXnXAE1RzRHXqHfUK+6/LPkteOhF0g==",
      "os": [
        "aix",
        "darwin",
        "freebsd",
        "linux",
        "macos",
        "openbsd",
        "sunos",
        "win32",
        "windows"
      ],
      "engines": {
        "node": ">=0.10.0",
        "npm": ">2.7.0"
      },
      "funding": {
        "type": "patreon",
        "url": "https://www.patreon.com/athan"
      }
    },
    "node_modules/@stdlib/constants-float32-smallest-subnormal": {
      "version": "0.0.7",
      "resolved": "https://registry.npmjs.org/@stdlib/constants-float32-smallest-subnormal/-/constants-float32-smallest-subnormal-0.0.7.tgz",
      "integrity": "sha512-GC9VN/pxhi6ESvuzOCLnFYSQTPHbIEnw50k51CpaBN3J3zNnIB3IX5KrpQ42Q8YviCxsRbHklMIiqTOgOZuN9A==",
      "os": [
        "aix",
        "darwin",
        "freebsd",
        "linux",
        "macos",
        "openbsd",
        "sunos",
        "win32",
        "windows"
      ],
      "engines": {
        "node": ">=0.10.0",
        "npm": ">2.7.0"
      },
      "funding": {
        "type": "patreon",
        "url": "https://www.patreon.com/athan"
      }
    },
    "node_modules/@stdlib/constants-float32-sqrt-eps": {
      "version": "0.0.6",
      "resolved": "https://registry.npmjs.org/@stdlib/constants-float32-sqrt-eps/-/constants-float32-sqrt-eps-0.0.6.tgz",
      "integrity": "sha512-2DFUTN/ORc0XqoDuyaf0VEBZp7g76WKKqWZe/Pw4UuMvzjPCsfmWpse1w8EGWCkKqP93PGXNKfWso4ADceShiw==",
      "os": [
        "aix",
        "darwin",
        "freebsd",
        "linux",
        "macos",
        "openbsd",
        "sunos",
        "win32",
        "windows"
      ],
      "dependencies": {
        "@stdlib/number-float64-base-to-float32": "^0.0.x"
      },
      "engines": {
        "node": ">=0.10.0",
        "npm": ">2.7.0"
      },
      "funding": {
        "type": "patreon",
        "url": "https://www.patreon.com/athan"
      }
    },
    "node_modules/@stdlib/constants-float64-pinf": {
      "version": "0.0.7",
      "resolved": "https://registry.npmjs.org/@stdlib/constants-float64-pinf/-/constants-float64-pinf-0.0.7.tgz",
      "integrity": "sha512-kITkBiwGkrbjDOPG9TqwW9ryTpGKs5Evlf5CJjz59kvnXtVq2FDXpJ2oePPlyWa6cc1fyGkeLwBZMCWsRgs1rQ==",
      "os": [
        "aix",
        "darwin",
        "freebsd",
        "linux",
        "macos",
        "openbsd",
        "sunos",
        "win32",
        "windows"
      ],
      "engines": {
        "node": ">=0.10.0",
        "npm": ">2.7.0"
      },
      "funding": {
        "type": "patreon",
        "url": "https://www.patreon.com/athan"
      }
    },
    "node_modules/@stdlib/constants-uint32-max": {
      "version": "0.0.7",
      "resolved": "https://registry.npmjs.org/@stdlib/constants-uint32-max/-/constants-uint32-max-0.0.7.tgz",
      "integrity": "sha512-8+NK0ewqc1vnEZNqzwFJgFSy3S543Eft7i8WyW/ygkofiqEiLAsujvYMHzPAB8/3D+PYvjTSe37StSwRwvQ6uw==",
      "os": [
        "aix",
        "darwin",
        "freebsd",
        "linux",
        "macos",
        "openbsd",
        "sunos",
        "win32",
        "windows"
      ],
      "engines": {
        "node": ">=0.10.0",
        "npm": ">2.7.0"
      },
      "funding": {
        "type": "patreon",
        "url": "https://www.patreon.com/athan"
      }
    },
    "node_modules/@stdlib/fs-read-file": {
      "version": "0.0.8",
      "resolved": "https://registry.npmjs.org/@stdlib/fs-read-file/-/fs-read-file-0.0.8.tgz",
      "integrity": "sha512-pIZID/G91+q7ep4x9ECNC45+JT2j0+jdz/ZQVjCHiEwXCwshZPEvxcPQWb9bXo6coOY+zJyX5TwBIpXBxomWFg==",
      "os": [
        "aix",
        "darwin",
        "freebsd",
        "linux",
        "macos",
        "openbsd",
        "sunos",
        "win32",
        "windows"
      ],
      "dependencies": {
        "@stdlib/cli-ctor": "^0.0.x",
        "@stdlib/utils-define-nonenumerable-read-only-property": "^0.0.x"
      },
      "bin": {
        "read-file": "bin/cli"
      },
      "engines": {
        "node": ">=0.10.0",
        "npm": ">2.7.0"
      },
      "funding": {
        "type": "patreon",
        "url": "https://www.patreon.com/athan"
      }
    },
    "node_modules/@stdlib/number-float64-base-to-float32": {
      "version": "0.0.7",
      "resolved": "https://registry.npmjs.org/@stdlib/number-float64-base-to-float32/-/number-float64-base-to-float32-0.0.7.tgz",
      "integrity": "sha512-PNUSi6+cqfFiu4vgFljUKMFY2O9PxI6+T+vqtIoh8cflf+PjSGj3v4QIlstK9+6qU40eGR5SHZyLTWdzmNqLTQ==",
      "os": [
        "aix",
        "darwin",
        "freebsd",
        "linux",
        "macos",
        "openbsd",
        "sunos",
        "win32",
        "windows"
      ],
      "dependencies": {
        "@stdlib/array-float32": "^0.0.x"
      },
      "engines": {
        "node": ">=0.10.0",
        "npm": ">2.7.0"
      },
      "funding": {
        "type": "patreon",
        "url": "https://www.patreon.com/athan"
      }
    },
    "node_modules/@stdlib/types": {
      "version": "0.0.14",
      "resolved": "https://registry.npmjs.org/@stdlib/types/-/types-0.0.14.tgz",
      "integrity": "sha512-AP3EI9/il/xkwUazcoY+SbjtxHRrheXgSbWZdEGD+rWpEgj6n2i63hp6hTOpAB5NipE0tJwinQlDGOuQ1lCaCw==",
      "os": [
        "aix",
        "darwin",
        "freebsd",
        "linux",
        "macos",
        "openbsd",
        "sunos",
        "win32",
        "windows"
      ],
      "engines": {
        "node": ">=0.10.0",
        "npm": ">2.7.0"
      },
      "funding": {
        "type": "patreon",
        "url": "https://www.patreon.com/athan"
      }
    },
    "node_modules/@stdlib/utils-define-nonenumerable-read-only-property": {
      "version": "0.0.7",
      "resolved": "https://registry.npmjs.org/@stdlib/utils-define-nonenumerable-read-only-property/-/utils-define-nonenumerable-read-only-property-0.0.7.tgz",
      "integrity": "sha512-c7dnHDYuS4Xn3XBRWIQBPcROTtP/4lkcFyq0FrQzjXUjimfMgHF7cuFIIob6qUTnU8SOzY9p0ydRR2QJreWE6g==",
      "os": [
        "aix",
        "darwin",
        "freebsd",
        "linux",
        "macos",
        "openbsd",
        "sunos",
        "win32",
        "windows"
      ],
      "dependencies": {
        "@stdlib/types": "^0.0.x",
        "@stdlib/utils-define-property": "^0.0.x"
      },
      "engines": {
        "node": ">=0.10.0",
        "npm": ">2.7.0"
      },
      "funding": {
        "type": "patreon",
        "url": "https://www.patreon.com/athan"
      }
    },
    "node_modules/@stdlib/utils-define-property": {
      "version": "0.0.9",
      "resolved": "https://registry.npmjs.org/@stdlib/utils-define-property/-/utils-define-property-0.0.9.tgz",
      "integrity": "sha512-pIzVvHJvVfU/Lt45WwUAcodlvSPDDSD4pIPc9WmIYi4vnEBA9U7yHtiNz2aTvfGmBMTaLYTVVFIXwkFp+QotMA==",
      "os": [
        "aix",
        "darwin",
        "freebsd",
        "linux",
        "macos",
        "openbsd",
        "sunos",
        "win32",
        "windows"
      ],
      "dependencies": {
        "@stdlib/types": "^0.0.x"
      },
      "engines": {
        "node": ">=0.10.0",
        "npm": ">2.7.0"
      },
      "funding": {
        "type": "patreon",
        "url": "https://www.patreon.com/athan"
      }
    },
    "node_modules/@stdlib/utils-define-read-only-property": {
      "version": "0.0.8",
      "resolved": "https://registry.npmjs.org/@stdlib/utils-define-read-only-property/-/utils-define-read-only-property-0.0.8.tgz",
      "integrity": "sha512-luKlGCarho88e/WXvQzkSFF7ZFN6Q3Uszo4EfcXVYPGJfP448YMAsEwnXzUWkzCGfKPKubr03w94p87JrYrgSQ==",
      "os": [
        "aix",
        "darwin",
        "freebsd",
        "linux",
        "macos",
        "openbsd",
        "sunos",
        "win32",
        "windows"
      ],
      "dependencies": {
        "@stdlib/types": "^0.0.x",
        "@stdlib/utils-define-property": "^0.0.x"
      },
      "engines": {
        "node": ">=0.10.0",
        "npm": ">2.7.0"
      },
      "funding": {
        "type": "patreon",
        "url": "https://www.patreon.com/athan"
      }
    },
    "node_modules/@stdlib/utils-native-class": {
      "version": "0.0.8",
      "resolved": "https://registry.npmjs.org/@stdlib/utils-native-class/-/utils-native-class-0.0.8.tgz",
      "integrity": "sha512-0Zl9me2V9rSrBw/N8o8/9XjmPUy8zEeoMM0sJmH3N6C9StDsYTjXIAMPGzYhMEWaWHvGeYyNteFK2yDOVGtC3w==",
      "os": [
        "aix",
        "darwin",
        "freebsd",
        "linux",
        "macos",
        "openbsd",
        "sunos",
        "win32",
        "windows"
      ],
      "dependencies": {
        "@stdlib/assert-has-own-property": "^0.0.x",
        "@stdlib/assert-has-tostringtag-support": "^0.0.x"
      },
      "engines": {
        "node": ">=0.10.0",
        "npm": ">2.7.0"
      },
      "funding": {
        "type": "patreon",
        "url": "https://www.patreon.com/athan"
      }
    },
    "node_modules/@stdlib/utils-noop": {
      "version": "0.0.13",
      "resolved": "https://registry.npmjs.org/@stdlib/utils-noop/-/utils-noop-0.0.13.tgz",
      "integrity": "sha512-JRWHGWYWP5QK7SQ2cOYiL8NETw8P33LriZh1p9S2xC4e0rBoaY849h1A2IL2y1+x3s29KNjSaBWMrMUIV5HCSw==",
      "os": [
        "aix",
        "darwin",
        "freebsd",
        "linux",
        "macos",
        "openbsd",
        "sunos",
        "win32",
        "windows"
      ],
      "engines": {
        "node": ">=0.10.0",
        "npm": ">2.7.0"
      },
      "funding": {
        "type": "patreon",
        "url": "https://www.patreon.com/athan"
      }
    },
    "node_modules/minimist": {
      "version": "1.2.6",
      "resolved": "https://registry.npmjs.org/minimist/-/minimist-1.2.6.tgz",
      "integrity": "sha512-Jsjnk4bw3YJqYzbdyBiNsPWHPfO++UGG749Cxs6peCu5Xg4nrena6OVxOYxrQTqww0Jmwt+Ref8rggumkTLz9Q=="
    },
    "node_modules/scoped-ts-log": {
      "version": "0.1.0",
      "resolved": "https://registry.npmjs.org/scoped-ts-log/-/scoped-ts-log-0.1.0.tgz",
      "integrity": "sha512-tYqsRQsU0XhaUv6sv5AmVzrr/P2bEQETGmfRLbSqrSJRs2TKMzwoBt4aDljtro9CqfhWQUH8n+OjZtDKQ8Koyw=="
    },
    "node_modules/typescript": {
      "version": "4.8.3",
      "resolved": "https://registry.npmjs.org/typescript/-/typescript-4.8.3.tgz",
      "integrity": "sha512-goMHfm00nWPa8UvR/CPSvykqf6dVV8x/dp0c5mFTMTIu0u0FlGWRioyy7Nn0PGAdHxpJZnuO/ut+PpQ8UiHAig==",
      "dev": true,
      "bin": {
        "tsc": "bin/tsc",
        "tsserver": "bin/tsserver"
      },
      "engines": {
        "node": ">=4.2.0"
      }
    }
  },
  "dependencies": {
    "@stdlib/array-float32": {
      "version": "0.0.6",
      "resolved": "https://registry.npmjs.org/@stdlib/array-float32/-/array-float32-0.0.6.tgz",
      "integrity": "sha512-QgKT5UaE92Rv7cxfn7wBKZAlwFFHPla8eXsMFsTGt5BiL4yUy36lwinPUh4hzybZ11rw1vifS3VAPuk6JP413Q==",
      "requires": {
        "@stdlib/assert-has-float32array-support": "^0.0.x"
      }
    },
    "@stdlib/array-uint32": {
      "version": "0.0.6",
      "resolved": "https://registry.npmjs.org/@stdlib/array-uint32/-/array-uint32-0.0.6.tgz",
      "integrity": "sha512-2hFPK1Fg7obYPZWlGDjW9keiIB6lXaM9dKmJubg/ergLQCsJQJZpYsG6mMAfTJi4NT1UF4jTmgvyKD+yf0D9cA==",
      "requires": {
        "@stdlib/assert-has-uint32array-support": "^0.0.x"
      }
    },
    "@stdlib/assert-has-float32array-support": {
      "version": "0.0.8",
      "resolved": "https://registry.npmjs.org/@stdlib/assert-has-float32array-support/-/assert-has-float32array-support-0.0.8.tgz",
      "integrity": "sha512-Yrg7K6rBqwCzDWZ5bN0VWLS5dNUWcoSfUeU49vTERdUmZID06J069CDc07UUl8vfQWhFgBWGocH3rrpKm1hi9w==",
      "requires": {
        "@stdlib/assert-is-float32array": "^0.0.x",
        "@stdlib/cli-ctor": "^0.0.x",
        "@stdlib/constants-float64-pinf": "^0.0.x",
        "@stdlib/fs-read-file": "^0.0.x"
      }
    },
    "@stdlib/assert-has-own-property": {
      "version": "0.0.7",
      "resolved": "https://registry.npmjs.org/@stdlib/assert-has-own-property/-/assert-has-own-property-0.0.7.tgz",
      "integrity": "sha512-3YHwSWiUqGlTLSwxAWxrqaD1PkgcJniGyotJeIt5X0tSNmSW0/c9RWroCImTUUB3zBkyBJ79MyU9Nf4Qgm59fQ=="
    },
    "@stdlib/assert-has-symbol-support": {
      "version": "0.0.8",
      "resolved": "https://registry.npmjs.org/@stdlib/assert-has-symbol-support/-/assert-has-symbol-support-0.0.8.tgz",
      "integrity": "sha512-PoQ9rk8DgDCuBEkOIzGGQmSnjtcdagnUIviaP5YskB45/TJHXseh4NASWME8FV77WFW9v/Wt1MzKFKMzpDFu4Q==",
      "requires": {
        "@stdlib/cli-ctor": "^0.0.x",
        "@stdlib/fs-read-file": "^0.0.x"
      }
    },
    "@stdlib/assert-has-tostringtag-support": {
      "version": "0.0.9",
      "resolved": "https://registry.npmjs.org/@stdlib/assert-has-tostringtag-support/-/assert-has-tostringtag-support-0.0.9.tgz",
      "integrity": "sha512-UTsqdkrnQ7eufuH5BeyWOJL3ska3u5nvDWKqw3onNNZ2mvdgkfoFD7wHutVGzAA2rkTsSJAMBHVwWLsm5SbKgw==",
      "requires": {
        "@stdlib/assert-has-symbol-support": "^0.0.x",
        "@stdlib/cli-ctor": "^0.0.x",
        "@stdlib/fs-read-file": "^0.0.x"
      }
    },
    "@stdlib/assert-has-uint32array-support": {
      "version": "0.0.8",
      "resolved": "https://registry.npmjs.org/@stdlib/assert-has-uint32array-support/-/assert-has-uint32array-support-0.0.8.tgz",
      "integrity": "sha512-tJtKuiFKwFSQQUfRXEReOVGXtfdo6+xlshSfwwNWXL1WPP2LrceoiUoQk7zMCMT6VdbXgGH92LDjVcPmSbH4Xw==",
      "requires": {
        "@stdlib/assert-is-uint32array": "^0.0.x",
        "@stdlib/cli-ctor": "^0.0.x",
        "@stdlib/constants-uint32-max": "^0.0.x",
        "@stdlib/fs-read-file": "^0.0.x"
      }
    },
    "@stdlib/assert-is-float32array": {
      "version": "0.0.8",
      "resolved": "https://registry.npmjs.org/@stdlib/assert-is-float32array/-/assert-is-float32array-0.0.8.tgz",
      "integrity": "sha512-Phk0Ze7Vj2/WLv5Wy8Oo7poZIDMSTiTrEnc1t4lBn3Svz2vfBXlvCufi/i5d93vc4IgpkdrOEwfry6nldABjNQ==",
      "requires": {
        "@stdlib/utils-native-class": "^0.0.x"
      }
    },
    "@stdlib/assert-is-uint32array": {
      "version": "0.0.8",
      "resolved": "https://registry.npmjs.org/@stdlib/assert-is-uint32array/-/assert-is-uint32array-0.0.8.tgz",
      "integrity": "sha512-cnZi2DicYcplMnkJ3dBxBVKsRNFjzoGpmG9A6jXq4KH5rFl52SezGAXSVY9o5ZV7bQGaF5JLyCLp6n9Y74hFGg==",
      "requires": {
        "@stdlib/utils-native-class": "^0.0.x"
      }
    },
    "@stdlib/cli-ctor": {
      "version": "0.0.3",
      "resolved": "https://registry.npmjs.org/@stdlib/cli-ctor/-/cli-ctor-0.0.3.tgz",
      "integrity": "sha512-0zCuZnzFyxj66GoF8AyIOhTX5/mgGczFvr6T9h4mXwegMZp8jBC/ZkOGMwmp+ODLBTvlcnnDNpNFkDDyR6/c2g==",
      "requires": {
        "@stdlib/utils-define-nonenumerable-read-only-property": "^0.0.x",
        "@stdlib/utils-noop": "^0.0.x",
        "minimist": "^1.2.0"
      }
    },
    "@stdlib/constants-float32": {
      "version": "0.0.6",
      "resolved": "https://registry.npmjs.org/@stdlib/constants-float32/-/constants-float32-0.0.6.tgz",
      "integrity": "sha512-mK1BbkL6n1WuEEvHQR2P/zJe/xYYTLWM8Y+Rl+cvt9/h2SWuqi1ebPMBIBiMqrQy9ilyXPCTkppuFTuzZ1ItOA==",
      "requires": {
        "@stdlib/constants-float32-cbrt-eps": "^0.0.x",
        "@stdlib/constants-float32-eps": "^0.0.x",
        "@stdlib/constants-float32-exponent-bias": "^0.0.x",
        "@stdlib/constants-float32-max": "^0.0.x",
        "@stdlib/constants-float32-max-safe-integer": "^0.0.x",
        "@stdlib/constants-float32-min-safe-integer": "^0.0.x",
        "@stdlib/constants-float32-ninf": "^0.0.x",
        "@stdlib/constants-float32-num-bytes": "^0.0.x",
        "@stdlib/constants-float32-pinf": "^0.0.x",
        "@stdlib/constants-float32-precision": "^0.0.x",
        "@stdlib/constants-float32-smallest-normal": "^0.0.x",
        "@stdlib/constants-float32-smallest-subnormal": "^0.0.x",
        "@stdlib/constants-float32-sqrt-eps": "^0.0.x",
        "@stdlib/utils-define-read-only-property": "^0.0.x"
      }
    },
    "@stdlib/constants-float32-cbrt-eps": {
      "version": "0.0.6",
      "resolved": "https://registry.npmjs.org/@stdlib/constants-float32-cbrt-eps/-/constants-float32-cbrt-eps-0.0.6.tgz",
      "integrity": "sha512-EIvpQrPmNlV73rq2IKaYRPjuexJOGKLtYv7Ge0uA2JPETmlhQ8NSz64MSVo93AN8GwyJEnPOQDDtrnCq+SGNSw==",
      "requires": {
        "@stdlib/number-float64-base-to-float32": "^0.0.x"
      }
    },
    "@stdlib/constants-float32-eps": {
      "version": "0.0.6",
      "resolved": "https://registry.npmjs.org/@stdlib/constants-float32-eps/-/constants-float32-eps-0.0.6.tgz",
      "integrity": "sha512-noy5YrwiR2BPxABBaZtVihd5OgWt/bzcFTQwmEwE4mqsmYoaLy3JScxzp0iNq6DwA6p5Qu4dMiyxbq0JoVs83g==",
      "requires": {
        "@stdlib/number-float64-base-to-float32": "^0.0.x"
      }
    },
    "@stdlib/constants-float32-exponent-bias": {
      "version": "0.0.7",
      "resolved": "https://registry.npmjs.org/@stdlib/constants-float32-exponent-bias/-/constants-float32-exponent-bias-0.0.7.tgz",
      "integrity": "sha512-xJKTfVOn/zhdiDu4jbCLtZyiYzLhut+eEStN3wr7TgzBd6i6nhvQTbOxQBc0qz8/yFt4fnj1WMBVLyAvch/Yig=="
    },
    "@stdlib/constants-float32-max": {
      "version": "0.0.7",
      "resolved": "https://registry.npmjs.org/@stdlib/constants-float32-max/-/constants-float32-max-0.0.7.tgz",
      "integrity": "sha512-CitY5nCLjXP6SZjvDd6m8C1Fj+OvmxtxSQezH4uQ+4cxto/Gkfw1YIqPt/i1ktsSrv8iUxvbivEjAukXUr7QNA=="
    },
    "@stdlib/constants-float32-max-safe-integer": {
      "version": "0.0.7",
      "resolved": "https://registry.npmjs.org/@stdlib/constants-float32-max-safe-integer/-/constants-float32-max-safe-integer-0.0.7.tgz",
      "integrity": "sha512-H6u95pucAnhfnvIxNtpQth3CmG4V+ZjU3k2SSev7ZiEJ9c7w3jbqDiU19vJtkeJnltvRmEkD2pRRrInm2tfU6Q=="
    },
    "@stdlib/constants-float32-min-safe-integer": {
      "version": "0.0.7",
      "resolved": "https://registry.npmjs.org/@stdlib/constants-float32-min-safe-integer/-/constants-float32-min-safe-integer-0.0.7.tgz",
      "integrity": "sha512-N6+/0dAaa2Yy45De52i/DLL+cg+TzbaAM84fnUfKgQSs4Vzz+/e3J6kjiRb54GgRte3dtxLC3ldUNPo7lgzXrA=="
    },
    "@stdlib/constants-float32-ninf": {
      "version": "0.0.6",
      "resolved": "https://registry.npmjs.org/@stdlib/constants-float32-ninf/-/constants-float32-ninf-0.0.6.tgz",
      "integrity": "sha512-MlSH+LVfR8eob+w2AdADpJ1F0Y6Y44lR1OaB5KurUyi3VdXIb15ioHeQhpAx78/zvrbNJi3QDmgAYZgv0hw3Cg==",
      "requires": {
        "@stdlib/array-float32": "^0.0.x",
        "@stdlib/array-uint32": "^0.0.x"
      }
    },
    "@stdlib/constants-float32-num-bytes": {
      "version": "0.0.7",
      "resolved": "https://registry.npmjs.org/@stdlib/constants-float32-num-bytes/-/constants-float32-num-bytes-0.0.7.tgz",
      "integrity": "sha512-bQvzJwwGeJWidPCa5RZ13N4l3G5JHtFb6K7cYMdJl+EMcT7MxDsFwQWEfwtnCKpD3UDit6A3MYp8aAuBS6CkgA=="
    },
    "@stdlib/constants-float32-pinf": {
      "version": "0.0.6",
      "resolved": "https://registry.npmjs.org/@stdlib/constants-float32-pinf/-/constants-float32-pinf-0.0.6.tgz",
      "integrity": "sha512-zvwDjvYQA6Jj0HwFjp+Na2s02d2ZChqA2pwgLUOaEKQxCcsm4G7SsIzA9RZBRvqkQTjq/PG3uDV1sIZ1NdA6Qw==",
      "requires": {
        "@stdlib/array-float32": "^0.0.x",
        "@stdlib/array-uint32": "^0.0.x"
      }
    },
    "@stdlib/constants-float32-precision": {
      "version": "0.0.7",
      "resolved": "https://registry.npmjs.org/@stdlib/constants-float32-precision/-/constants-float32-precision-0.0.7.tgz",
      "integrity": "sha512-PVMkeFe9T8XjcJWTo69q6/Q/+4BhmG6VMYQKiDHkhubWjeZkU1sjcpm2SXnJp8s/DvcZTSElgPCyg3a+xi89Iw=="
    },
    "@stdlib/constants-float32-smallest-normal": {
      "version": "0.0.7",
      "resolved": "https://registry.npmjs.org/@stdlib/constants-float32-smallest-normal/-/constants-float32-smallest-normal-0.0.7.tgz",
      "integrity": "sha512-vzRJ/Q3z9A2DJRQHCStLyGCgvnCa9+e2HLxTl6sJOMcY/v+JhR+mwb6XSXnXAE1RzRHXqHfUK+6/LPkteOhF0g=="
    },
    "@stdlib/constants-float32-smallest-subnormal": {
      "version": "0.0.7",
      "resolved": "https://registry.npmjs.org/@stdlib/constants-float32-smallest-subnormal/-/constants-float32-smallest-subnormal-0.0.7.tgz",
      "integrity": "sha512-GC9VN/pxhi6ESvuzOCLnFYSQTPHbIEnw50k51CpaBN3J3zNnIB3IX5KrpQ42Q8YviCxsRbHklMIiqTOgOZuN9A=="
    },
    "@stdlib/constants-float32-sqrt-eps": {
      "version": "0.0.6",
      "resolved": "https://registry.npmjs.org/@stdlib/constants-float32-sqrt-eps/-/constants-float32-sqrt-eps-0.0.6.tgz",
      "integrity": "sha512-2DFUTN/ORc0XqoDuyaf0VEBZp7g76WKKqWZe/Pw4UuMvzjPCsfmWpse1w8EGWCkKqP93PGXNKfWso4ADceShiw==",
      "requires": {
        "@stdlib/number-float64-base-to-float32": "^0.0.x"
      }
    },
    "@stdlib/constants-float64-pinf": {
      "version": "0.0.7",
      "resolved": "https://registry.npmjs.org/@stdlib/constants-float64-pinf/-/constants-float64-pinf-0.0.7.tgz",
      "integrity": "sha512-kITkBiwGkrbjDOPG9TqwW9ryTpGKs5Evlf5CJjz59kvnXtVq2FDXpJ2oePPlyWa6cc1fyGkeLwBZMCWsRgs1rQ=="
    },
    "@stdlib/constants-uint32-max": {
      "version": "0.0.7",
      "resolved": "https://registry.npmjs.org/@stdlib/constants-uint32-max/-/constants-uint32-max-0.0.7.tgz",
      "integrity": "sha512-8+NK0ewqc1vnEZNqzwFJgFSy3S543Eft7i8WyW/ygkofiqEiLAsujvYMHzPAB8/3D+PYvjTSe37StSwRwvQ6uw=="
    },
    "@stdlib/fs-read-file": {
      "version": "0.0.8",
      "resolved": "https://registry.npmjs.org/@stdlib/fs-read-file/-/fs-read-file-0.0.8.tgz",
      "integrity": "sha512-pIZID/G91+q7ep4x9ECNC45+JT2j0+jdz/ZQVjCHiEwXCwshZPEvxcPQWb9bXo6coOY+zJyX5TwBIpXBxomWFg==",
      "requires": {
        "@stdlib/cli-ctor": "^0.0.x",
        "@stdlib/utils-define-nonenumerable-read-only-property": "^0.0.x"
      }
    },
    "@stdlib/number-float64-base-to-float32": {
      "version": "0.0.7",
      "resolved": "https://registry.npmjs.org/@stdlib/number-float64-base-to-float32/-/number-float64-base-to-float32-0.0.7.tgz",
      "integrity": "sha512-PNUSi6+cqfFiu4vgFljUKMFY2O9PxI6+T+vqtIoh8cflf+PjSGj3v4QIlstK9+6qU40eGR5SHZyLTWdzmNqLTQ==",
      "requires": {
        "@stdlib/array-float32": "^0.0.x"
      }
    },
    "@stdlib/types": {
      "version": "0.0.14",
      "resolved": "https://registry.npmjs.org/@stdlib/types/-/types-0.0.14.tgz",
      "integrity": "sha512-AP3EI9/il/xkwUazcoY+SbjtxHRrheXgSbWZdEGD+rWpEgj6n2i63hp6hTOpAB5NipE0tJwinQlDGOuQ1lCaCw=="
    },
    "@stdlib/utils-define-nonenumerable-read-only-property": {
      "version": "0.0.7",
      "resolved": "https://registry.npmjs.org/@stdlib/utils-define-nonenumerable-read-only-property/-/utils-define-nonenumerable-read-only-property-0.0.7.tgz",
      "integrity": "sha512-c7dnHDYuS4Xn3XBRWIQBPcROTtP/4lkcFyq0FrQzjXUjimfMgHF7cuFIIob6qUTnU8SOzY9p0ydRR2QJreWE6g==",
      "requires": {
        "@stdlib/types": "^0.0.x",
        "@stdlib/utils-define-property": "^0.0.x"
      }
    },
    "@stdlib/utils-define-property": {
      "version": "0.0.9",
      "resolved": "https://registry.npmjs.org/@stdlib/utils-define-property/-/utils-define-property-0.0.9.tgz",
      "integrity": "sha512-pIzVvHJvVfU/Lt45WwUAcodlvSPDDSD4pIPc9WmIYi4vnEBA9U7yHtiNz2aTvfGmBMTaLYTVVFIXwkFp+QotMA==",
      "requires": {
        "@stdlib/types": "^0.0.x"
      }
    },
    "@stdlib/utils-define-read-only-property": {
      "version": "0.0.8",
      "resolved": "https://registry.npmjs.org/@stdlib/utils-define-read-only-property/-/utils-define-read-only-property-0.0.8.tgz",
      "integrity": "sha512-luKlGCarho88e/WXvQzkSFF7ZFN6Q3Uszo4EfcXVYPGJfP448YMAsEwnXzUWkzCGfKPKubr03w94p87JrYrgSQ==",
      "requires": {
        "@stdlib/types": "^0.0.x",
        "@stdlib/utils-define-property": "^0.0.x"
      }
    },
    "@stdlib/utils-native-class": {
      "version": "0.0.8",
      "resolved": "https://registry.npmjs.org/@stdlib/utils-native-class/-/utils-native-class-0.0.8.tgz",
      "integrity": "sha512-0Zl9me2V9rSrBw/N8o8/9XjmPUy8zEeoMM0sJmH3N6C9StDsYTjXIAMPGzYhMEWaWHvGeYyNteFK2yDOVGtC3w==",
      "requires": {
        "@stdlib/assert-has-own-property": "^0.0.x",
        "@stdlib/assert-has-tostringtag-support": "^0.0.x"
      }
    },
    "@stdlib/utils-noop": {
      "version": "0.0.13",
      "resolved": "https://registry.npmjs.org/@stdlib/utils-noop/-/utils-noop-0.0.13.tgz",
      "integrity": "sha512-JRWHGWYWP5QK7SQ2cOYiL8NETw8P33LriZh1p9S2xC4e0rBoaY849h1A2IL2y1+x3s29KNjSaBWMrMUIV5HCSw=="
    },
    "minimist": {
      "version": "1.2.6",
      "resolved": "https://registry.npmjs.org/minimist/-/minimist-1.2.6.tgz",
      "integrity": "sha512-Jsjnk4bw3YJqYzbdyBiNsPWHPfO++UGG749Cxs6peCu5Xg4nrena6OVxOYxrQTqww0Jmwt+Ref8rggumkTLz9Q=="
    },
    "scoped-ts-log": {
      "version": "0.1.0",
      "resolved": "https://registry.npmjs.org/scoped-ts-log/-/scoped-ts-log-0.1.0.tgz",
      "integrity": "sha512-tYqsRQsU0XhaUv6sv5AmVzrr/P2bEQETGmfRLbSqrSJRs2TKMzwoBt4aDljtro9CqfhWQUH8n+OjZtDKQ8Koyw=="
    },
    "typescript": {
      "version": "4.8.3",
      "resolved": "https://registry.npmjs.org/typescript/-/typescript-4.8.3.tgz",
      "integrity": "sha512-goMHfm00nWPa8UvR/CPSvykqf6dVV8x/dp0c5mFTMTIu0u0FlGWRioyy7Nn0PGAdHxpJZnuO/ut+PpQ8UiHAig==",
      "dev": true
    }
  }
}
